
Microsoft Visual Studio Solution File, Format Version 12.00
# Visual Studio Version 17
VisualStudioVersion = 17.0.31903.59
Project("{FAE04EC0-301F-11D3-BF4B-00C04F79EFBC}") = "Innovator.Shared", "Shared\Innovator.Shared\Innovator.Shared.csproj", "{A1000001-0000-0000-0000-000000000001}"
EndProject
Project("{FAE04EC0-301F-11D3-BF4B-00C04F79EFBC}") = "AuthService", "Services\AuthService\AuthService.csproj", "{A1000002-0000-0000-0000-000000000002}"
EndProject
Project("{FAE04EC0-301F-11D3-BF4B-00C04F79EFBC}") = "ProfileService", "Services\ProfileService\ProfileService.csproj", "{A1000003-0000-0000-0000-000000000003}"
EndProject
Project("{FAE04EC0-301F-11D3-BF4B-00C04F79EFBC}") = "ApiGateway", "ApiGateway\ApiGateway.csproj", "{A1000004-0000-0000-0000-000000000004}"
EndProject
Project("{FAE04EC0-301F-11D3-BF4B-00C04F79EFBC}") = "FeedService", "Services\FeedService\FeedService.csproj", "{C25D06D1-69D9-4D15-AD37-1C22E7E23A77}"
EndProject
Project("{FAE04EC0-301F-11D3-BF4B-00C04F79EFBC}") = "ChatService", "Services\ChatService\ChatService.csproj", "{E438F6BA-307F-491A-A953-0B8CA8EB95CC}"
EndProject
Project("{FAE04EC0-301F-11D3-BF4B-00C04F79EFBC}") = "SearchService", "Services\SearchService\SearchService.csproj", "{402B2F42-D161-4981-B7ED-C63CDAE9E0A2}"
EndProject
Project("{2150E333-8FDC-42A3-9474-1A3956D46DE8}") = "Services", "Services", "{4EBE21CC-F682-4DB2-A173-B1543C88F72A}"
EndProject
Project("{FAE04EC0-301F-11D3-BF4B-00C04F79EFBC}") = "EcommerceService", "Services\EcommerceService\EcommerceService.csproj", "{311A2E61-CF15-439A-8B57-80C5228D3587}"
EndProject
Project("{FAE04EC0-301F-11D3-BF4B-00C04F79EFBC}") = "ElearningService", "Services\ElearningService\ElearningService.csproj", "{9B7E4C33-2A1D-4F6E-B8C2-5D9A1E3F7C40}"
EndProject
Project("{FAE04EC0-301F-11D3-BF4B-00C04F79EFBC}") = "EventsService", "Services\EventsService\EventsService.csproj", "{2C8F5D44-3B2E-4A7F-9C1D-6E0B2F4A8D51}"
EndProject
Project("{FAE04EC0-301F-11D3-BF4B-00C04F79EFBC}") = "ResearchService", "Services\ResearchService\ResearchService.csproj", "{3D9061E5-4C3F-4B80-AD2E-7F1C3059E62A}"
EndProject
Global
	GlobalSection(SolutionConfigurationPlatforms) = preSolution
		Debug|Any CPU = Debug|Any CPU
		Release|Any CPU = Release|Any CPU
	EndGlobalSection
	GlobalSection(ProjectConfigurationPlatforms) = postSolution
		{A1000001-0000-0000-0000-000000000001}.Debug|Any CPU.ActiveCfg = Debug|Any CPU
		{A1000001-0000-0000-0000-000000000001}.Debug|Any CPU.Build.0 = Debug|Any CPU
		{A1000002-0000-0000-0000-000000000002}.Debug|Any CPU.ActiveCfg = Debug|Any CPU
		{A1000002-0000-0000-0000-000000000002}.Debug|Any CPU.Build.0 = Debug|Any CPU
		{A1000003-0000-0000-0000-000000000003}.Debug|Any CPU.ActiveCfg = Debug|Any CPU
		{A1000003-0000-0000-0000-000000000003}.Debug|Any CPU.Build.0 = Debug|Any CPU
		{A1000004-0000-0000-0000-000000000004}.Debug|Any CPU.ActiveCfg = Debug|Any CPU
		{A1000004-0000-0000-0000-000000000004}.Debug|Any CPU.Build.0 = Debug|Any CPU
		{C25D06D1-69D9-4D15-AD37-1C22E7E23A77}.Debug|Any CPU.ActiveCfg = Debug|Any CPU
		{C25D06D1-69D9-4D15-AD37-1C22E7E23A77}.Debug|Any CPU.Build.0 = Debug|Any CPU
		{C25D06D1-69D9-4D15-AD37-1C22E7E23A77}.Release|Any CPU.ActiveCfg = Release|Any CPU
		{C25D06D1-69D9-4D15-AD37-1C22E7E23A77}.Release|Any CPU.Build.0 = Release|Any CPU
		{E438F6BA-307F-491A-A953-0B8CA8EB95CC}.Debug|Any CPU.ActiveCfg = Debug|Any CPU
		{E438F6BA-307F-491A-A953-0B8CA8EB95CC}.Debug|Any CPU.Build.0 = Debug|Any CPU
		{E438F6BA-307F-491A-A953-0B8CA8EB95CC}.Release|Any CPU.ActiveCfg = Release|Any CPU
		{E438F6BA-307F-491A-A953-0B8CA8EB95CC}.Release|Any CPU.Build.0 = Release|Any CPU
		{402B2F42-D161-4981-B7ED-C63CDAE9E0A2}.Debug|Any CPU.ActiveCfg = Debug|Any CPU
		{402B2F42-D161-4981-B7ED-C63CDAE9E0A2}.Debug|Any CPU.Build.0 = Debug|Any CPU
		{402B2F42-D161-4981-B7ED-C63CDAE9E0A2}.Release|Any CPU.ActiveCfg = Release|Any CPU
		{402B2F42-D161-4981-B7ED-C63CDAE9E0A2}.Release|Any CPU.Build.0 = Release|Any CPU
		{311A2E61-CF15-439A-8B57-80C5228D3587}.Debug|Any CPU.ActiveCfg = Debug|Any CPU
		{311A2E61-CF15-439A-8B57-80C5228D3587}.Debug|Any CPU.Build.0 = Debug|Any CPU
		{311A2E61-CF15-439A-8B57-80C5228D3587}.Release|Any CPU.ActiveCfg = Release|Any CPU
		{311A2E61-CF15-439A-8B57-80C5228D3587}.Release|Any CPU.Build.0 = Release|Any CPU
		{9B7E4C33-2A1D-4F6E-B8C2-5D9A1E3F7C40}.Debug|Any CPU.ActiveCfg = Debug|Any CPU
		{9B7E4C33-2A1D-4F6E-B8C2-5D9A1E3F7C40}.Debug|Any CPU.Build.0 = Debug|Any CPU
		{9B7E4C33-2A1D-4F6E-B8C2-5D9A1E3F7C40}.Release|Any CPU.ActiveCfg = Release|Any CPU
		{9B7E4C33-2A1D-4F6E-B8C2-5D9A1E3F7C40}.Release|Any CPU.Build.0 = Release|Any CPU
		{2C8F5D44-3B2E-4A7F-9C1D-6E0B2F4A8D51}.Debug|Any CPU.ActiveCfg = Debug|Any CPU
		{2C8F5D44-3B2E-4A7F-9C1D-6E0B2F4A8D51}.Debug|Any CPU.Build.0 = Debug|Any CPU
		{2C8F5D44-3B2E-4A7F-9C1D-6E0B2F4A8D51}.Release|Any CPU.ActiveCfg = Release|Any CPU
		{2C8F5D44-3B2E-4A7F-9C1D-6E0B2F4A8D51}.Release|Any CPU.Build.0 = Release|Any CPU
		{3D9061E5-4C3F-4B80-AD2E-7F1C3059E62A}.Debug|Any CPU.ActiveCfg = Debug|Any CPU
		{3D9061E5-4C3F-4B80-AD2E-7F1C3059E62A}.Debug|Any CPU.Build.0 = Debug|Any CPU
		{3D9061E5-4C3F-4B80-AD2E-7F1C3059E62A}.Release|Any CPU.ActiveCfg = Release|Any CPU
		{3D9061E5-4C3F-4B80-AD2E-7F1C3059E62A}.Release|Any CPU.Build.0 = Release|Any CPU
	EndGlobalSection
	GlobalSection(NestedProjects) = preSolution
		{311A2E61-CF15-439A-8B57-80C5228D3587} = {4EBE21CC-F682-4DB2-A173-B1543C88F72A}
		{9B7E4C33-2A1D-4F6E-B8C2-5D9A1E3F7C40} = {4EBE21CC-F682-4DB2-A173-B1543C88F72A}
		{2C8F5D44-3B2E-4A7F-9C1D-6E0B2F4A8D51} = {4EBE21CC-F682-4DB2-A173-B1543C88F72A}
		{3D9061E5-4C3F-4B80-AD2E-7F1C3059E62A} = {4EBE21CC-F682-4DB2-A173-B1543C88F72A}
	EndGlobalSection
EndGlobal
